
Microsoft Visual Studio Solution File, Format Version 12.00
# Visual Studio Version 17
VisualStudioVersion = 17.7.34009.444
MinimumVisualStudioVersion = 10.0.40219.1
Project("{FAE04EC0-301F-11D3-BF4B-00C04F79EFBC}") = "Laboratorio_03_SMN_3_ACT_2", "Laboratorio_03_SMN_3_ACT_2\Laboratorio_03_SMN_3_ACT_2.csproj", "{F8B5B223-8937-4F54-B1B8-DBD0DDF74E3A}"
EndProject
Global
	GlobalSection(SolutionConfigurationPlatforms) = preSolution
		Debug|Any CPU = Debug|Any CPU
		Release|Any CPU = Release|Any CPU
	EndGlobalSection
	GlobalSection(ProjectConfigurationPlatforms) = postSolution
		{F8B5B223-8937-4F54-B1B8-DBD0DDF74E3A}.Debug|Any CPU.ActiveCfg = Debug|Any CPU
		{F8B5B223-8937-4F54-B1B8-DBD0DDF74E3A}.Debug|Any CPU.Build.0 = Debug|Any CPU
		{F8B5B223-8937-4F54-B1B8-DBD0DDF74E3A}.Release|Any CPU.ActiveCfg = Release|Any CPU
		{F8B5B223-8937-4F54-B1B8-DBD0DDF74E3A}.Release|Any CPU.Build.0 = Release|Any CPU
	EndGlobalSection
	GlobalSection(SolutionProperties) = preSolution
		HideSolutionNode = FALSE
	EndGlobalSection
	GlobalSection(ExtensibilityGlobals) = postSolution
		SolutionGuid = {132E8174-582A-4C5E-9A82-42B460F6C0FB}
	EndGlobalSection
EndGlobal
